// !$*UTF8*$!
{
	archiveVersion = 1;
	classes = {
	};
	objectVersion = 56;
	objects = {

/* Begin PBXBuildFile section */
		AE98631C2AFCD8EE00C65579 /* AppDelegate.swift in Sources */ = {isa = PBXBuildFile; fileRef = AE98631B2AFCD8EE00C65579 /* AppDelegate.swift */; };
		AE98631E2AFCD8EE00C65579 /* SceneDelegate.swift in Sources */ = {isa = PBXBuildFile; fileRef = AE98631D2AFCD8EE00C65579 /* SceneDelegate.swift */; };
		AE9863262AFCD8EE00C65579 /* Recipes_BH_iOS.xcdatamodeld in Sources */ = {isa = PBXBuildFile; fileRef = AE9863242AFCD8EE00C65579 /* Recipes_BH_iOS.xcdatamodeld */; };
		AE9863282AFCD8F000C65579 /* Assets.xcassets in Resources */ = {isa = PBXBuildFile; fileRef = AE9863272AFCD8F000C65579 /* Assets.xcassets */; };
		AE98632B2AFCD8F000C65579 /* LaunchScreen.storyboard in Resources */ = {isa = PBXBuildFile; fileRef = AE9863292AFCD8F000C65579 /* LaunchScreen.storyboard */; };
		AE9863362AFCD8F000C65579 /* Recipes_BH_iOSTests.swift in Sources */ = {isa = PBXBuildFile; fileRef = AE9863352AFCD8F000C65579 /* Recipes_BH_iOSTests.swift */; };
		AE9863402AFCD8F000C65579 /* Recipes_BH_iOSUITests.swift in Sources */ = {isa = PBXBuildFile; fileRef = AE98633F2AFCD8F000C65579 /* Recipes_BH_iOSUITests.swift */; };
		AE9863422AFCD8F000C65579 /* Recipes_BH_iOSUITestsLaunchTests.swift in Sources */ = {isa = PBXBuildFile; fileRef = AE9863412AFCD8F000C65579 /* Recipes_BH_iOSUITestsLaunchTests.swift */; };
		AE9863522AFCDB2500C65579 /* SignUpViewController.swift in Sources */ = {isa = PBXBuildFile; fileRef = AE9863512AFCDB2500C65579 /* SignUpViewController.swift */; };
		AE9863552AFCDC0000C65579 /* Alamofire in Frameworks */ = {isa = PBXBuildFile; productRef = AE9863542AFCDC0000C65579 /* Alamofire */; };
		AE9863582AFCE09F00C65579 /* RxCocoa in Frameworks */ = {isa = PBXBuildFile; productRef = AE9863572AFCE09F00C65579 /* RxCocoa */; };
		AE98635A2AFCE09F00C65579 /* RxRelay in Frameworks */ = {isa = PBXBuildFile; productRef = AE9863592AFCE09F00C65579 /* RxRelay */; };
		AE98635C2AFCE09F00C65579 /* RxSwift in Frameworks */ = {isa = PBXBuildFile; productRef = AE98635B2AFCE09F00C65579 /* RxSwift */; };
		AE98635F2AFCE0D000C65579 /* Nuke in Frameworks */ = {isa = PBXBuildFile; productRef = AE98635E2AFCE0D000C65579 /* Nuke */; };
		AE9863622AFCE0E400C65579 /* SnapKit in Frameworks */ = {isa = PBXBuildFile; productRef = AE9863612AFCE0E400C65579 /* SnapKit */; };
		AE98636B2AFD15D000C65579 /* CoreDataManager.swift in Sources */ = {isa = PBXBuildFile; fileRef = AE98636A2AFD15D000C65579 /* CoreDataManager.swift */; };
		AE98636E2AFD181F00C65579 /* IQKeyboardManagerSwift in Frameworks */ = {isa = PBXBuildFile; productRef = AE98636D2AFD181F00C65579 /* IQKeyboardManagerSwift */; };
		AE9863702AFD1A7200C65579 /* SignInViewController.swift in Sources */ = {isa = PBXBuildFile; fileRef = AE98636F2AFD1A7200C65579 /* SignInViewController.swift */; };
		AE9863742AFD1B1300C65579 /* EntryViewController.swift in Sources */ = {isa = PBXBuildFile; fileRef = AE9863732AFD1B1300C65579 /* EntryViewController.swift */; };
		AE98637A2AFD206200C65579 /* SignUpRepository.swift in Sources */ = {isa = PBXBuildFile; fileRef = AE9863792AFD206200C65579 /* SignUpRepository.swift */; };
		AE98637C2AFD21AE00C65579 /* SignUpViewModel.swift in Sources */ = {isa = PBXBuildFile; fileRef = AE98637B2AFD21AE00C65579 /* SignUpViewModel.swift */; };
		AE98637E2AFD225A00C65579 /* FormModelValidator.swift in Sources */ = {isa = PBXBuildFile; fileRef = AE98637D2AFD225A00C65579 /* FormModelValidator.swift */; };
		AE9863802AFD229B00C65579 /* SignUpConstants.swift in Sources */ = {isa = PBXBuildFile; fileRef = AE98637F2AFD229B00C65579 /* SignUpConstants.swift */; };
		AE9863822AFD291700C65579 /* FormError.swift in Sources */ = {isa = PBXBuildFile; fileRef = AE9863812AFD291700C65579 /* FormError.swift */; };
		AE9863842AFD316A00C65579 /* SignInRepository.swift in Sources */ = {isa = PBXBuildFile; fileRef = AE9863832AFD316A00C65579 /* SignInRepository.swift */; };
		AE9863862AFD324A00C65579 /* SignInViewModel.swift in Sources */ = {isa = PBXBuildFile; fileRef = AE9863852AFD324A00C65579 /* SignInViewModel.swift */; };
		AE9863882AFD337000C65579 /* SignInError.swift in Sources */ = {isa = PBXBuildFile; fileRef = AE9863872AFD337000C65579 /* SignInError.swift */; };
		AE98638B2AFD3DB100C65579 /* UserDefaultKeys.swift in Sources */ = {isa = PBXBuildFile; fileRef = AE98638A2AFD3DB100C65579 /* UserDefaultKeys.swift */; };
		AE98638E2AFD3F8300C65579 /* UINavigationController+Extension.swift in Sources */ = {isa = PBXBuildFile; fileRef = AE98638D2AFD3F8300C65579 /* UINavigationController+Extension.swift */; };
		AE9863912AFD405400C65579 /* FormModelValidatorTests.swift in Sources */ = {isa = PBXBuildFile; fileRef = AE9863902AFD405400C65579 /* FormModelValidatorTests.swift */; };
		AE9863942AFD418E00C65579 /* RxCocoa in Frameworks */ = {isa = PBXBuildFile; productRef = AE9863932AFD418E00C65579 /* RxCocoa */; };
		AE9863972AFD4D5800C65579 /* ApiClient.swift in Sources */ = {isa = PBXBuildFile; fileRef = AE9863962AFD4D5800C65579 /* ApiClient.swift */; };
		AE9863992AFD4D7F00C65579 /* NetworkError.swift in Sources */ = {isa = PBXBuildFile; fileRef = AE9863982AFD4D7F00C65579 /* NetworkError.swift */; };
		AE98639D2AFDDCF500C65579 /* RecipeListViewController.swift in Sources */ = {isa = PBXBuildFile; fileRef = AE98639C2AFDDCF500C65579 /* RecipeListViewController.swift */; };
		AE9863A02AFDDFD800C65579 /* RecipeListViewModel.swift in Sources */ = {isa = PBXBuildFile; fileRef = AE98639F2AFDDFD800C65579 /* RecipeListViewModel.swift */; };
		AE9863A52AFDE05600C65579 /* RecipeTableViewCell.swift in Sources */ = {isa = PBXBuildFile; fileRef = AE9863A42AFDE05600C65579 /* RecipeTableViewCell.swift */; };
		AE9863A82AFDE39200C65579 /* RecipeListRepository.swift in Sources */ = {isa = PBXBuildFile; fileRef = AE9863A72AFDE39200C65579 /* RecipeListRepository.swift */; };
		AE9863AA2AFDE49C00C65579 /* String+Extension.swift in Sources */ = {isa = PBXBuildFile; fileRef = AE9863A92AFDE49C00C65579 /* String+Extension.swift */; };
		AE9863AC2AFDE4B000C65579 /* Array+Extension.swift in Sources */ = {isa = PBXBuildFile; fileRef = AE9863AB2AFDE4B000C65579 /* Array+Extension.swift */; };
		AE9863B12AFDE58F00C65579 /* RecipeList.swift in Sources */ = {isa = PBXBuildFile; fileRef = AE9863B02AFDE58F00C65579 /* RecipeList.swift */; };
		AE9863B32AFDE6A800C65579 /* RecipeDetail.swift in Sources */ = {isa = PBXBuildFile; fileRef = AE9863B22AFDE6A800C65579 /* RecipeDetail.swift */; };
		AE9863B62AFDEFF000C65579 /* FirstLetterSelectViewController.swift in Sources */ = {isa = PBXBuildFile; fileRef = AE9863B52AFDEFEF00C65579 /* FirstLetterSelectViewController.swift */; };
		AE9863B92AFDF94100C65579 /* FirstLetterSelectOptionTableViewCell.swift in Sources */ = {isa = PBXBuildFile; fileRef = AE9863B82AFDF94100C65579 /* FirstLetterSelectOptionTableViewCell.swift */; };
		AE9863BC2AFE0AE100C65579 /* ImageViewerViewController.swift in Sources */ = {isa = PBXBuildFile; fileRef = AE9863BB2AFE0AE100C65579 /* ImageViewerViewController.swift */; };
		AE9863C02AFE79E800C65579 /* UserRepository.swift in Sources */ = {isa = PBXBuildFile; fileRef = AE9863BF2AFE79E800C65579 /* UserRepository.swift */; };
/* End PBXBuildFile section */

/* Begin PBXContainerItemProxy section */
		AE9863322AFCD8F000C65579 /* PBXContainerItemProxy */ = {
			isa = PBXContainerItemProxy;
			containerPortal = AE9863102AFCD8EE00C65579 /* Project object */;
			proxyType = 1;
			remoteGlobalIDString = AE9863172AFCD8EE00C65579;
			remoteInfo = "Recipes-BH-iOS";
		};
		AE98633C2AFCD8F000C65579 /* PBXContainerItemProxy */ = {
			isa = PBXContainerItemProxy;
			containerPortal = AE9863102AFCD8EE00C65579 /* Project object */;
			proxyType = 1;
			remoteGlobalIDString = AE9863172AFCD8EE00C65579;
			remoteInfo = "Recipes-BH-iOS";
		};
/* End PBXContainerItemProxy section */

/* Begin PBXFileReference section */
		AE9863182AFCD8EE00C65579 /* Recipes-BH-iOS.app */ = {isa = PBXFileReference; explicitFileType = wrapper.application; includeInIndex = 0; path = "Recipes-BH-iOS.app"; sourceTree = BUILT_PRODUCTS_DIR; };
		AE98631B2AFCD8EE00C65579 /* AppDelegate.swift */ = {isa = PBXFileReference; lastKnownFileType = sourcecode.swift; path = AppDelegate.swift; sourceTree = "<group>"; };
		AE98631D2AFCD8EE00C65579 /* SceneDelegate.swift */ = {isa = PBXFileReference; lastKnownFileType = sourcecode.swift; path = SceneDelegate.swift; sourceTree = "<group>"; };
		AE9863252AFCD8EE00C65579 /* Recipes_BH_iOS.xcdatamodel */ = {isa = PBXFileReference; lastKnownFileType = wrapper.xcdatamodel; path = Recipes_BH_iOS.xcdatamodel; sourceTree = "<group>"; };
		AE9863272AFCD8F000C65579 /* Assets.xcassets */ = {isa = PBXFileReference; lastKnownFileType = folder.assetcatalog; path = Assets.xcassets; sourceTree = "<group>"; };
		AE98632A2AFCD8F000C65579 /* Base */ = {isa = PBXFileReference; lastKnownFileType = file.storyboard; name = Base; path = Base.lproj/LaunchScreen.storyboard; sourceTree = "<group>"; };
		AE98632C2AFCD8F000C65579 /* Info.plist */ = {isa = PBXFileReference; lastKnownFileType = text.plist.xml; path = Info.plist; sourceTree = "<group>"; };
		AE9863312AFCD8F000C65579 /* Recipes-BH-iOSTests.xctest */ = {isa = PBXFileReference; explicitFileType = wrapper.cfbundle; includeInIndex = 0; path = "Recipes-BH-iOSTests.xctest"; sourceTree = BUILT_PRODUCTS_DIR; };
		AE9863352AFCD8F000C65579 /* Recipes_BH_iOSTests.swift */ = {isa = PBXFileReference; lastKnownFileType = sourcecode.swift; path = Recipes_BH_iOSTests.swift; sourceTree = "<group>"; };
		AE98633B2AFCD8F000C65579 /* Recipes-BH-iOSUITests.xctest */ = {isa = PBXFileReference; explicitFileType = wrapper.cfbundle; includeInIndex = 0; path = "Recipes-BH-iOSUITests.xctest"; sourceTree = BUILT_PRODUCTS_DIR; };
		AE98633F2AFCD8F000C65579 /* Recipes_BH_iOSUITests.swift */ = {isa = PBXFileReference; lastKnownFileType = sourcecode.swift; path = Recipes_BH_iOSUITests.swift; sourceTree = "<group>"; };
		AE9863412AFCD8F000C65579 /* Recipes_BH_iOSUITestsLaunchTests.swift */ = {isa = PBXFileReference; lastKnownFileType = sourcecode.swift; path = Recipes_BH_iOSUITestsLaunchTests.swift; sourceTree = "<group>"; };
		AE9863512AFCDB2500C65579 /* SignUpViewController.swift */ = {isa = PBXFileReference; lastKnownFileType = sourcecode.swift; path = SignUpViewController.swift; sourceTree = "<group>"; };
		AE98636A2AFD15D000C65579 /* CoreDataManager.swift */ = {isa = PBXFileReference; lastKnownFileType = sourcecode.swift; path = CoreDataManager.swift; sourceTree = "<group>"; };
		AE98636F2AFD1A7200C65579 /* SignInViewController.swift */ = {isa = PBXFileReference; lastKnownFileType = sourcecode.swift; path = SignInViewController.swift; sourceTree = "<group>"; };
		AE9863732AFD1B1300C65579 /* EntryViewController.swift */ = {isa = PBXFileReference; lastKnownFileType = sourcecode.swift; path = EntryViewController.swift; sourceTree = "<group>"; };
		AE9863792AFD206200C65579 /* SignUpRepository.swift */ = {isa = PBXFileReference; lastKnownFileType = sourcecode.swift; path = SignUpRepository.swift; sourceTree = "<group>"; };
		AE98637B2AFD21AE00C65579 /* SignUpViewModel.swift */ = {isa = PBXFileReference; lastKnownFileType = sourcecode.swift; path = SignUpViewModel.swift; sourceTree = "<group>"; };
		AE98637D2AFD225A00C65579 /* FormModelValidator.swift */ = {isa = PBXFileReference; lastKnownFileType = sourcecode.swift; path = FormModelValidator.swift; sourceTree = "<group>"; };
		AE98637F2AFD229B00C65579 /* SignUpConstants.swift */ = {isa = PBXFileReference; lastKnownFileType = sourcecode.swift; path = SignUpConstants.swift; sourceTree = "<group>"; };
		AE9863812AFD291700C65579 /* FormError.swift */ = {isa = PBXFileReference; lastKnownFileType = sourcecode.swift; path = FormError.swift; sourceTree = "<group>"; };
		AE9863832AFD316A00C65579 /* SignInRepository.swift */ = {isa = PBXFileReference; lastKnownFileType = sourcecode.swift; path = SignInRepository.swift; sourceTree = "<group>"; };
		AE9863852AFD324A00C65579 /* SignInViewModel.swift */ = {isa = PBXFileReference; lastKnownFileType = sourcecode.swift; path = SignInViewModel.swift; sourceTree = "<group>"; };
		AE9863872AFD337000C65579 /* SignInError.swift */ = {isa = PBXFileReference; lastKnownFileType = sourcecode.swift; path = SignInError.swift; sourceTree = "<group>"; };
		AE98638A2AFD3DB100C65579 /* UserDefaultKeys.swift */ = {isa = PBXFileReference; lastKnownFileType = sourcecode.swift; path = UserDefaultKeys.swift; sourceTree = "<group>"; };
		AE98638D2AFD3F8300C65579 /* UINavigationController+Extension.swift */ = {isa = PBXFileReference; lastKnownFileType = sourcecode.swift; path = "UINavigationController+Extension.swift"; sourceTree = "<group>"; };
		AE9863902AFD405400C65579 /* FormModelValidatorTests.swift */ = {isa = PBXFileReference; lastKnownFileType = sourcecode.swift; path = FormModelValidatorTests.swift; sourceTree = "<group>"; };
		AE9863962AFD4D5800C65579 /* ApiClient.swift */ = {isa = PBXFileReference; lastKnownFileType = sourcecode.swift; path = ApiClient.swift; sourceTree = "<group>"; };
		AE9863982AFD4D7F00C65579 /* NetworkError.swift */ = {isa = PBXFileReference; lastKnownFileType = sourcecode.swift; path = NetworkError.swift; sourceTree = "<group>"; };
		AE98639C2AFDDCF500C65579 /* RecipeListViewController.swift */ = {isa = PBXFileReference; lastKnownFileType = sourcecode.swift; path = RecipeListViewController.swift; sourceTree = "<group>"; };
		AE98639F2AFDDFD800C65579 /* RecipeListViewModel.swift */ = {isa = PBXFileReference; lastKnownFileType = sourcecode.swift; path = RecipeListViewModel.swift; sourceTree = "<group>"; };
		AE9863A42AFDE05600C65579 /* RecipeTableViewCell.swift */ = {isa = PBXFileReference; lastKnownFileType = sourcecode.swift; path = RecipeTableViewCell.swift; sourceTree = "<group>"; };
		AE9863A72AFDE39200C65579 /* RecipeListRepository.swift */ = {isa = PBXFileReference; lastKnownFileType = sourcecode.swift; path = RecipeListRepository.swift; sourceTree = "<group>"; };
		AE9863A92AFDE49C00C65579 /* String+Extension.swift */ = {isa = PBXFileReference; lastKnownFileType = sourcecode.swift; path = "String+Extension.swift"; sourceTree = "<group>"; };
		AE9863AB2AFDE4B000C65579 /* Array+Extension.swift */ = {isa = PBXFileReference; lastKnownFileType = sourcecode.swift; path = "Array+Extension.swift"; sourceTree = "<group>"; };
		AE9863B02AFDE58F00C65579 /* RecipeList.swift */ = {isa = PBXFileReference; lastKnownFileType = sourcecode.swift; path = RecipeList.swift; sourceTree = "<group>"; };
		AE9863B22AFDE6A800C65579 /* RecipeDetail.swift */ = {isa = PBXFileReference; lastKnownFileType = sourcecode.swift; path = RecipeDetail.swift; sourceTree = "<group>"; };
		AE9863B52AFDEFEF00C65579 /* FirstLetterSelectViewController.swift */ = {isa = PBXFileReference; lastKnownFileType = sourcecode.swift; path = FirstLetterSelectViewController.swift; sourceTree = "<group>"; };
		AE9863B82AFDF94100C65579 /* FirstLetterSelectOptionTableViewCell.swift */ = {isa = PBXFileReference; lastKnownFileType = sourcecode.swift; path = FirstLetterSelectOptionTableViewCell.swift; sourceTree = "<group>"; };
		AE9863BB2AFE0AE100C65579 /* ImageViewerViewController.swift */ = {isa = PBXFileReference; lastKnownFileType = sourcecode.swift; path = ImageViewerViewController.swift; sourceTree = "<group>"; };
		AE9863BF2AFE79E800C65579 /* UserRepository.swift */ = {isa = PBXFileReference; lastKnownFileType = sourcecode.swift; path = UserRepository.swift; sourceTree = "<group>"; };
/* End PBXFileReference section */

/* Begin PBXFrameworksBuildPhase section */
		AE9863152AFCD8EE00C65579 /* Frameworks */ = {
			isa = PBXFrameworksBuildPhase;
			buildActionMask = 2147483647;
			files = (
				AE98636E2AFD181F00C65579 /* IQKeyboardManagerSwift in Frameworks */,
				AE98635A2AFCE09F00C65579 /* RxRelay in Frameworks */,
				AE9863582AFCE09F00C65579 /* RxCocoa in Frameworks */,
				AE98635C2AFCE09F00C65579 /* RxSwift in Frameworks */,
				AE9863622AFCE0E400C65579 /* SnapKit in Frameworks */,
				AE9863552AFCDC0000C65579 /* Alamofire in Frameworks */,
				AE98635F2AFCE0D000C65579 /* Nuke in Frameworks */,
			);
			runOnlyForDeploymentPostprocessing = 0;
		};
		AE98632E2AFCD8F000C65579 /* Frameworks */ = {
			isa = PBXFrameworksBuildPhase;
			buildActionMask = 2147483647;
			files = (
				AE9863942AFD418E00C65579 /* RxCocoa in Frameworks */,
			);
			runOnlyForDeploymentPostprocessing = 0;
		};
		AE9863382AFCD8F000C65579 /* Frameworks */ = {
			isa = PBXFrameworksBuildPhase;
			buildActionMask = 2147483647;
			files = (
			);
			runOnlyForDeploymentPostprocessing = 0;
		};
/* End PBXFrameworksBuildPhase section */

/* Begin PBXGroup section */
		AE98630F2AFCD8EE00C65579 = {
			isa = PBXGroup;
			children = (
				AE98631A2AFCD8EE00C65579 /* Recipes-BH-iOS */,
				AE9863342AFCD8F000C65579 /* Recipes-BH-iOSTests */,
				AE98633E2AFCD8F000C65579 /* Recipes-BH-iOSUITests */,
				AE9863192AFCD8EE00C65579 /* Products */,
				AE9863922AFD418E00C65579 /* Frameworks */,
			);
			sourceTree = "<group>";
		};
		AE9863192AFCD8EE00C65579 /* Products */ = {
			isa = PBXGroup;
			children = (
				AE9863182AFCD8EE00C65579 /* Recipes-BH-iOS.app */,
				AE9863312AFCD8F000C65579 /* Recipes-BH-iOSTests.xctest */,
				AE98633B2AFCD8F000C65579 /* Recipes-BH-iOSUITests.xctest */,
			);
			name = Products;
			sourceTree = "<group>";
		};
		AE98631A2AFCD8EE00C65579 /* Recipes-BH-iOS */ = {
			isa = PBXGroup;
			children = (
				AE9863BD2AFE79BB00C65579 /* Common */,
				AE98638C2AFD3F6E00C65579 /* Extensions */,
				AE9863892AFD3DA000C65579 /* Constants */,
				AE9863682AFCF46100C65579 /* Services */,
				AE9863672AFCF44100C65579 /* Modules */,
				AE98631B2AFCD8EE00C65579 /* AppDelegate.swift */,
				AE98631D2AFCD8EE00C65579 /* SceneDelegate.swift */,
				AE9863272AFCD8F000C65579 /* Assets.xcassets */,
				AE9863292AFCD8F000C65579 /* LaunchScreen.storyboard */,
				AE98632C2AFCD8F000C65579 /* Info.plist */,
			);
			path = "Recipes-BH-iOS";
			sourceTree = "<group>";
		};
		AE9863342AFCD8F000C65579 /* Recipes-BH-iOSTests */ = {
			isa = PBXGroup;
			children = (
				AE98638F2AFD403000C65579 /* Models */,
				AE9863352AFCD8F000C65579 /* Recipes_BH_iOSTests.swift */,
			);
			path = "Recipes-BH-iOSTests";
			sourceTree = "<group>";
		};
		AE98633E2AFCD8F000C65579 /* Recipes-BH-iOSUITests */ = {
			isa = PBXGroup;
			children = (
				AE98633F2AFCD8F000C65579 /* Recipes_BH_iOSUITests.swift */,
				AE9863412AFCD8F000C65579 /* Recipes_BH_iOSUITestsLaunchTests.swift */,
			);
			path = "Recipes-BH-iOSUITests";
			sourceTree = "<group>";
		};
		AE98634E2AFCDA5D00C65579 /* Authentication */ = {
			isa = PBXGroup;
			children = (
				AE9863502AFCDA7700C65579 /* SignIn */,
				AE98634F2AFCDA6800C65579 /* SignUp */,
			);
			path = Authentication;
			sourceTree = "<group>";
		};
		AE98634F2AFCDA6800C65579 /* SignUp */ = {
			isa = PBXGroup;
			children = (
				AE9863782AFD1E9700C65579 /* Repositories */,
				AE9863772AFD1E8E00C65579 /* Models */,
				AE9863512AFCDB2500C65579 /* SignUpViewController.swift */,
				AE98637B2AFD21AE00C65579 /* SignUpViewModel.swift */,
			);
			path = SignUp;
			sourceTree = "<group>";
		};
		AE9863502AFCDA7700C65579 /* SignIn */ = {
			isa = PBXGroup;
			children = (
				AE9863762AFD1E7B00C65579 /* Repositories */,
				AE9863752AFD1E7500C65579 /* Models */,
				AE98636F2AFD1A7200C65579 /* SignInViewController.swift */,
				AE9863852AFD324A00C65579 /* SignInViewModel.swift */,
			);
			path = SignIn;
			sourceTree = "<group>";
		};
		AE9863672AFCF44100C65579 /* Modules */ = {
			isa = PBXGroup;
			children = (
				AE9863BA2AFE0AB300C65579 /* ImageViewer */,
				AE9863B42AFDEFD100C65579 /* FirstLetterSelect */,
				AE98639E2AFDDFBD00C65579 /* RecipeList */,
				AE9863722AFD1AFE00C65579 /* EntryPoint */,
				AE98634E2AFCDA5D00C65579 /* Authentication */,
			);
			path = Modules;
			sourceTree = "<group>";
		};
		AE9863682AFCF46100C65579 /* Services */ = {
			isa = PBXGroup;
			children = (
				AE9863952AFD4D4E00C65579 /* Network */,
				AE9863692AFCF46F00C65579 /* Core Data */,
			);
			path = Services;
			sourceTree = "<group>";
		};
		AE9863692AFCF46F00C65579 /* Core Data */ = {
			isa = PBXGroup;
			children = (
				AE9863242AFCD8EE00C65579 /* Recipes_BH_iOS.xcdatamodeld */,
				AE98636A2AFD15D000C65579 /* CoreDataManager.swift */,
			);
			path = "Core Data";
			sourceTree = "<group>";
		};
		AE9863722AFD1AFE00C65579 /* EntryPoint */ = {
			isa = PBXGroup;
			children = (
				AE9863732AFD1B1300C65579 /* EntryViewController.swift */,
			);
			path = EntryPoint;
			sourceTree = "<group>";
		};
		AE9863752AFD1E7500C65579 /* Models */ = {
			isa = PBXGroup;
			children = (
				AE9863872AFD337000C65579 /* SignInError.swift */,
			);
			path = Models;
			sourceTree = "<group>";
		};
		AE9863762AFD1E7B00C65579 /* Repositories */ = {
			isa = PBXGroup;
			children = (
				AE9863832AFD316A00C65579 /* SignInRepository.swift */,
			);
			path = Repositories;
			sourceTree = "<group>";
		};
		AE9863772AFD1E8E00C65579 /* Models */ = {
			isa = PBXGroup;
			children = (
				AE98637D2AFD225A00C65579 /* FormModelValidator.swift */,
				AE98637F2AFD229B00C65579 /* SignUpConstants.swift */,
				AE9863812AFD291700C65579 /* FormError.swift */,
			);
			path = Models;
			sourceTree = "<group>";
		};
		AE9863782AFD1E9700C65579 /* Repositories */ = {
			isa = PBXGroup;
			children = (
				AE9863792AFD206200C65579 /* SignUpRepository.swift */,
			);
			path = Repositories;
			sourceTree = "<group>";
		};
		AE9863892AFD3DA000C65579 /* Constants */ = {
			isa = PBXGroup;
			children = (
				AE98638A2AFD3DB100C65579 /* UserDefaultKeys.swift */,
			);
			path = Constants;
			sourceTree = "<group>";
		};
		AE98638C2AFD3F6E00C65579 /* Extensions */ = {
			isa = PBXGroup;
			children = (
				AE98638D2AFD3F8300C65579 /* UINavigationController+Extension.swift */,
				AE9863A92AFDE49C00C65579 /* String+Extension.swift */,
				AE9863AB2AFDE4B000C65579 /* Array+Extension.swift */,
			);
			path = Extensions;
			sourceTree = "<group>";
		};
		AE98638F2AFD403000C65579 /* Models */ = {
			isa = PBXGroup;
			children = (
				AE9863902AFD405400C65579 /* FormModelValidatorTests.swift */,
			);
			path = Models;
			sourceTree = "<group>";
		};
		AE9863922AFD418E00C65579 /* Frameworks */ = {
			isa = PBXGroup;
			children = (
			);
			name = Frameworks;
			sourceTree = "<group>";
		};
		AE9863952AFD4D4E00C65579 /* Network */ = {
			isa = PBXGroup;
			children = (
				AE9863962AFD4D5800C65579 /* ApiClient.swift */,
				AE9863982AFD4D7F00C65579 /* NetworkError.swift */,
			);
			path = Network;
			sourceTree = "<group>";
		};
		AE98639E2AFDDFBD00C65579 /* RecipeList */ = {
			isa = PBXGroup;
			children = (
				AE9863AF2AFDE4FA00C65579 /* Models */,
				AE9863A62AFDE38600C65579 /* Repositories */,
				AE9863A12AFDE00E00C65579 /* Components */,
				AE98639C2AFDDCF500C65579 /* RecipeListViewController.swift */,
				AE98639F2AFDDFD800C65579 /* RecipeListViewModel.swift */,
			);
			path = RecipeList;
			sourceTree = "<group>";
		};
		AE9863A12AFDE00E00C65579 /* Components */ = {
			isa = PBXGroup;
			children = (
				AE9863A42AFDE05600C65579 /* RecipeTableViewCell.swift */,
			);
			path = Components;
			sourceTree = "<group>";
		};
		AE9863A62AFDE38600C65579 /* Repositories */ = {
			isa = PBXGroup;
			children = (
				AE9863A72AFDE39200C65579 /* RecipeListRepository.swift */,
			);
			path = Repositories;
			sourceTree = "<group>";
		};
		AE9863AF2AFDE4FA00C65579 /* Models */ = {
			isa = PBXGroup;
			children = (
				AE9863B02AFDE58F00C65579 /* RecipeList.swift */,
				AE9863B22AFDE6A800C65579 /* RecipeDetail.swift */,
			);
			path = Models;
			sourceTree = "<group>";
		};
		AE9863B42AFDEFD100C65579 /* FirstLetterSelect */ = {
			isa = PBXGroup;
			children = (
				AE9863B72AFDF92200C65579 /* Components */,
				AE9863B52AFDEFEF00C65579 /* FirstLetterSelectViewController.swift */,
			);
			path = FirstLetterSelect;
			sourceTree = "<group>";
		};
		AE9863B72AFDF92200C65579 /* Components */ = {
			isa = PBXGroup;
			children = (
				AE9863B82AFDF94100C65579 /* FirstLetterSelectOptionTableViewCell.swift */,
			);
			path = Components;
			sourceTree = "<group>";
		};
		AE9863BA2AFE0AB300C65579 /* ImageViewer */ = {
			isa = PBXGroup;
			children = (
				AE9863BB2AFE0AE100C65579 /* ImageViewerViewController.swift */,
			);
			path = ImageViewer;
			sourceTree = "<group>";
		};
		AE9863BD2AFE79BB00C65579 /* Common */ = {
			isa = PBXGroup;
			children = (
				AE9863BE2AFE79C000C65579 /* Repositories */,
			);
			path = Common;
			sourceTree = "<group>";
		};
		AE9863BE2AFE79C000C65579 /* Repositories */ = {
			isa = PBXGroup;
			children = (
				AE9863BF2AFE79E800C65579 /* UserRepository.swift */,
			);
			path = Repositories;
			sourceTree = "<group>";
		};
/* End PBXGroup section */

/* Begin PBXNativeTarget section */
		AE9863172AFCD8EE00C65579 /* Recipes-BH-iOS */ = {
			isa = PBXNativeTarget;
			buildConfigurationList = AE9863452AFCD8F000C65579 /* Build configuration list for PBXNativeTarget "Recipes-BH-iOS" */;
			buildPhases = (
				AE9863142AFCD8EE00C65579 /* Sources */,
				AE9863152AFCD8EE00C65579 /* Frameworks */,
				AE9863162AFCD8EE00C65579 /* Resources */,
			);
			buildRules = (
			);
			dependencies = (
			);
			name = "Recipes-BH-iOS";
			packageProductDependencies = (
				AE9863542AFCDC0000C65579 /* Alamofire */,
				AE9863572AFCE09F00C65579 /* RxCocoa */,
				AE9863592AFCE09F00C65579 /* RxRelay */,
				AE98635B2AFCE09F00C65579 /* RxSwift */,
				AE98635E2AFCE0D000C65579 /* Nuke */,
				AE9863612AFCE0E400C65579 /* SnapKit */,
				AE98636D2AFD181F00C65579 /* IQKeyboardManagerSwift */,
			);
			productName = "Recipes-BH-iOS";
			productReference = AE9863182AFCD8EE00C65579 /* Recipes-BH-iOS.app */;
			productType = "com.apple.product-type.application";
		};
		AE9863302AFCD8F000C65579 /* Recipes-BH-iOSTests */ = {
			isa = PBXNativeTarget;
			buildConfigurationList = AE9863482AFCD8F000C65579 /* Build configuration list for PBXNativeTarget "Recipes-BH-iOSTests" */;
			buildPhases = (
				AE98632D2AFCD8F000C65579 /* Sources */,
				AE98632E2AFCD8F000C65579 /* Frameworks */,
				AE98632F2AFCD8F000C65579 /* Resources */,
			);
			buildRules = (
			);
			dependencies = (
				AE9863332AFCD8F000C65579 /* PBXTargetDependency */,
			);
			name = "Recipes-BH-iOSTests";
			packageProductDependencies = (
				AE9863932AFD418E00C65579 /* RxCocoa */,
			);
			productName = "Recipes-BH-iOSTests";
			productReference = AE9863312AFCD8F000C65579 /* Recipes-BH-iOSTests.xctest */;
			productType = "com.apple.product-type.bundle.unit-test";
		};
		AE98633A2AFCD8F000C65579 /* Recipes-BH-iOSUITests */ = {
			isa = PBXNativeTarget;
			buildConfigurationList = AE98634B2AFCD8F000C65579 /* Build configuration list for PBXNativeTarget "Recipes-BH-iOSUITests" */;
			buildPhases = (
				AE9863372AFCD8F000C65579 /* Sources */,
				AE9863382AFCD8F000C65579 /* Frameworks */,
				AE9863392AFCD8F000C65579 /* Resources */,
			);
			buildRules = (
			);
			dependencies = (
				AE98633D2AFCD8F000C65579 /* PBXTargetDependency */,
			);
			name = "Recipes-BH-iOSUITests";
			productName = "Recipes-BH-iOSUITests";
			productReference = AE98633B2AFCD8F000C65579 /* Recipes-BH-iOSUITests.xctest */;
			productType = "com.apple.product-type.bundle.ui-testing";
		};
/* End PBXNativeTarget section */

/* Begin PBXProject section */
		AE9863102AFCD8EE00C65579 /* Project object */ = {
			isa = PBXProject;
			attributes = {
				BuildIndependentTargetsInParallel = 1;
				LastSwiftUpdateCheck = 1410;
				LastUpgradeCheck = 1410;
				TargetAttributes = {
					AE9863172AFCD8EE00C65579 = {
						CreatedOnToolsVersion = 14.1;
					};
					AE9863302AFCD8F000C65579 = {
						CreatedOnToolsVersion = 14.1;
						TestTargetID = AE9863172AFCD8EE00C65579;
					};
					AE98633A2AFCD8F000C65579 = {
						CreatedOnToolsVersion = 14.1;
						TestTargetID = AE9863172AFCD8EE00C65579;
					};
				};
			};
			buildConfigurationList = AE9863132AFCD8EE00C65579 /* Build configuration list for PBXProject "Recipes-BH-iOS" */;
			compatibilityVersion = "Xcode 14.0";
			developmentRegion = en;
			hasScannedForEncodings = 0;
			knownRegions = (
				en,
				Base,
			);
			mainGroup = AE98630F2AFCD8EE00C65579;
			packageReferences = (
				AE9863532AFCDBFF00C65579 /* XCRemoteSwiftPackageReference "Alamofire" */,
				AE9863562AFCE09F00C65579 /* XCRemoteSwiftPackageReference "RxSwift" */,
				AE98635D2AFCE0D000C65579 /* XCRemoteSwiftPackageReference "Nuke" */,
				AE9863602AFCE0E400C65579 /* XCRemoteSwiftPackageReference "SnapKit" */,
				AE98636C2AFD181F00C65579 /* XCRemoteSwiftPackageReference "IQKeyboardManager" */,
			);
			productRefGroup = AE9863192AFCD8EE00C65579 /* Products */;
			projectDirPath = "";
			projectRoot = "";
			targets = (
				AE9863172AFCD8EE00C65579 /* Recipes-BH-iOS */,
				AE9863302AFCD8F000C65579 /* Recipes-BH-iOSTests */,
				AE98633A2AFCD8F000C65579 /* Recipes-BH-iOSUITests */,
			);
		};
/* End PBXProject section */

/* Begin PBXResourcesBuildPhase section */
		AE9863162AFCD8EE00C65579 /* Resources */ = {
			isa = PBXResourcesBuildPhase;
			buildActionMask = 2147483647;
			files = (
				AE98632B2AFCD8F000C65579 /* LaunchScreen.storyboard in Resources */,
				AE9863282AFCD8F000C65579 /* Assets.xcassets in Resources */,
			);
			runOnlyForDeploymentPostprocessing = 0;
		};
		AE98632F2AFCD8F000C65579 /* Resources */ = {
			isa = PBXResourcesBuildPhase;
			buildActionMask = 2147483647;
			files = (
			);
			runOnlyForDeploymentPostprocessing = 0;
		};
		AE9863392AFCD8F000C65579 /* Resources */ = {
			isa = PBXResourcesBuildPhase;
			buildActionMask = 2147483647;
			files = (
			);
			runOnlyForDeploymentPostprocessing = 0;
		};
/* End PBXResourcesBuildPhase section */

/* Begin PBXSourcesBuildPhase section */
		AE9863142AFCD8EE00C65579 /* Sources */ = {
			isa = PBXSourcesBuildPhase;
			buildActionMask = 2147483647;
			files = (
				AE98638B2AFD3DB100C65579 /* UserDefaultKeys.swift in Sources */,
				AE9863B32AFDE6A800C65579 /* RecipeDetail.swift in Sources */,
				AE9863802AFD229B00C65579 /* SignUpConstants.swift in Sources */,
				AE9863262AFCD8EE00C65579 /* Recipes_BH_iOS.xcdatamodeld in Sources */,
				AE9863A52AFDE05600C65579 /* RecipeTableViewCell.swift in Sources */,
				AE98631C2AFCD8EE00C65579 /* AppDelegate.swift in Sources */,
				AE9863702AFD1A7200C65579 /* SignInViewController.swift in Sources */,
				AE9863B62AFDEFF000C65579 /* FirstLetterSelectViewController.swift in Sources */,
				AE9863AC2AFDE4B000C65579 /* Array+Extension.swift in Sources */,
				AE98639D2AFDDCF500C65579 /* RecipeListViewController.swift in Sources */,
				AE9863742AFD1B1300C65579 /* EntryViewController.swift in Sources */,
				AE98637C2AFD21AE00C65579 /* SignUpViewModel.swift in Sources */,
				AE9863842AFD316A00C65579 /* SignInRepository.swift in Sources */,
				AE9863882AFD337000C65579 /* SignInError.swift in Sources */,
				AE98631E2AFCD8EE00C65579 /* SceneDelegate.swift in Sources */,
				AE9863862AFD324A00C65579 /* SignInViewModel.swift in Sources */,
				AE9863C02AFE79E800C65579 /* UserRepository.swift in Sources */,
				AE9863972AFD4D5800C65579 /* ApiClient.swift in Sources */,
				AE9863A82AFDE39200C65579 /* RecipeListRepository.swift in Sources */,
				AE9863BC2AFE0AE100C65579 /* ImageViewerViewController.swift in Sources */,
				AE98637E2AFD225A00C65579 /* FormModelValidator.swift in Sources */,
				AE9863AA2AFDE49C00C65579 /* String+Extension.swift in Sources */,
				AE9863A02AFDDFD800C65579 /* RecipeListViewModel.swift in Sources */,
				AE9863B12AFDE58F00C65579 /* RecipeList.swift in Sources */,
				AE9863822AFD291700C65579 /* FormError.swift in Sources */,
				AE9863B92AFDF94100C65579 /* FirstLetterSelectOptionTableViewCell.swift in Sources */,
				AE98636B2AFD15D000C65579 /* CoreDataManager.swift in Sources */,
				AE9863522AFCDB2500C65579 /* SignUpViewController.swift in Sources */,
				AE98637A2AFD206200C65579 /* SignUpRepository.swift in Sources */,
				AE98638E2AFD3F8300C65579 /* UINavigationController+Extension.swift in Sources */,
				AE9863992AFD4D7F00C65579 /* NetworkError.swift in Sources */,
			);
			runOnlyForDeploymentPostprocessing = 0;
		};
		AE98632D2AFCD8F000C65579 /* Sources */ = {
			isa = PBXSourcesBuildPhase;
			buildActionMask = 2147483647;
			files = (
				AE9863912AFD405400C65579 /* FormModelValidatorTests.swift in Sources */,
				AE9863362AFCD8F000C65579 /* Recipes_BH_iOSTests.swift in Sources */,
			);
			runOnlyForDeploymentPostprocessing = 0;
		};
		AE9863372AFCD8F000C65579 /* Sources */ = {
			isa = PBXSourcesBuildPhase;
			buildActionMask = 2147483647;
			files = (
				AE9863422AFCD8F000C65579 /* Recipes_BH_iOSUITestsLaunchTests.swift in Sources */,
				AE9863402AFCD8F000C65579 /* Recipes_BH_iOSUITests.swift in Sources */,
			);
			runOnlyForDeploymentPostprocessing = 0;
		};
/* End PBXSourcesBuildPhase section */

/* Begin PBXTargetDependency section */
		AE9863332AFCD8F000C65579 /* PBXTargetDependency */ = {
			isa = PBXTargetDependency;
			target = AE9863172AFCD8EE00C65579 /* Recipes-BH-iOS */;
			targetProxy = AE9863322AFCD8F000C65579 /* PBXContainerItemProxy */;
		};
		AE98633D2AFCD8F000C65579 /* PBXTargetDependency */ = {
			isa = PBXTargetDependency;
			target = AE9863172AFCD8EE00C65579 /* Recipes-BH-iOS */;
			targetProxy = AE98633C2AFCD8F000C65579 /* PBXContainerItemProxy */;
		};
/* End PBXTargetDependency section */

/* Begin PBXVariantGroup section */
		AE9863292AFCD8F000C65579 /* LaunchScreen.storyboard */ = {
			isa = PBXVariantGroup;
			children = (
				AE98632A2AFCD8F000C65579 /* Base */,
			);
			name = LaunchScreen.storyboard;
			sourceTree = "<group>";
		};
/* End PBXVariantGroup section */

/* Begin XCBuildConfiguration section */
		AE9863432AFCD8F000C65579 /* Debug */ = {
			isa = XCBuildConfiguration;
			buildSettings = {
				ALWAYS_SEARCH_USER_PATHS = NO;
				CLANG_ANALYZER_NONNULL = YES;
				CLANG_ANALYZER_NUMBER_OBJECT_CONVERSION = YES_AGGRESSIVE;
				CLANG_CXX_LANGUAGE_STANDARD = "gnu++20";
				CLANG_ENABLE_MODULES = YES;
				CLANG_ENABLE_OBJC_ARC = YES;
				CLANG_ENABLE_OBJC_WEAK = YES;
				CLANG_WARN_BLOCK_CAPTURE_AUTORELEASING = YES;
				CLANG_WARN_BOOL_CONVERSION = YES;
				CLANG_WARN_COMMA = YES;
				CLANG_WARN_CONSTANT_CONVERSION = YES;
				CLANG_WARN_DEPRECATED_OBJC_IMPLEMENTATIONS = YES;
				CLANG_WARN_DIRECT_OBJC_ISA_USAGE = YES_ERROR;
				CLANG_WARN_DOCUMENTATION_COMMENTS = YES;
				CLANG_WARN_EMPTY_BODY = YES;
				CLANG_WARN_ENUM_CONVERSION = YES;
				CLANG_WARN_INFINITE_RECURSION = YES;
				CLANG_WARN_INT_CONVERSION = YES;
				CLANG_WARN_NON_LITERAL_NULL_CONVERSION = YES;
				CLANG_WARN_OBJC_IMPLICIT_RETAIN_SELF = YES;
				CLANG_WARN_OBJC_LITERAL_CONVERSION = YES;
				CLANG_WARN_OBJC_ROOT_CLASS = YES_ERROR;
				CLANG_WARN_QUOTED_INCLUDE_IN_FRAMEWORK_HEADER = YES;
				CLANG_WARN_RANGE_LOOP_ANALYSIS = YES;
				CLANG_WARN_STRICT_PROTOTYPES = YES;
				CLANG_WARN_SUSPICIOUS_MOVE = YES;
				CLANG_WARN_UNGUARDED_AVAILABILITY = YES_AGGRESSIVE;
				CLANG_WARN_UNREACHABLE_CODE = YES;
				CLANG_WARN__DUPLICATE_METHOD_MATCH = YES;
				COPY_PHASE_STRIP = NO;
				DEBUG_INFORMATION_FORMAT = dwarf;
				ENABLE_STRICT_OBJC_MSGSEND = YES;
				ENABLE_TESTABILITY = YES;
				GCC_C_LANGUAGE_STANDARD = gnu11;
				GCC_DYNAMIC_NO_PIC = NO;
				GCC_NO_COMMON_BLOCKS = YES;
				GCC_OPTIMIZATION_LEVEL = 0;
				GCC_PREPROCESSOR_DEFINITIONS = (
					"DEBUG=1",
					"$(inherited)",
				);
				GCC_WARN_64_TO_32_BIT_CONVERSION = YES;
				GCC_WARN_ABOUT_RETURN_TYPE = YES_ERROR;
				GCC_WARN_UNDECLARED_SELECTOR = YES;
				GCC_WARN_UNINITIALIZED_AUTOS = YES_AGGRESSIVE;
				GCC_WARN_UNUSED_FUNCTION = YES;
				GCC_WARN_UNUSED_VARIABLE = YES;
				IPHONEOS_DEPLOYMENT_TARGET = 16.1;
				MTL_ENABLE_DEBUG_INFO = INCLUDE_SOURCE;
				MTL_FAST_MATH = YES;
				ONLY_ACTIVE_ARCH = YES;
				SDKROOT = iphoneos;
				SWIFT_ACTIVE_COMPILATION_CONDITIONS = DEBUG;
				SWIFT_OPTIMIZATION_LEVEL = "-Onone";
			};
			name = Debug;
		};
		AE9863442AFCD8F000C65579 /* Release */ = {
			isa = XCBuildConfiguration;
			buildSettings = {
				ALWAYS_SEARCH_USER_PATHS = NO;
				CLANG_ANALYZER_NONNULL = YES;
				CLANG_ANALYZER_NUMBER_OBJECT_CONVERSION = YES_AGGRESSIVE;
				CLANG_CXX_LANGUAGE_STANDARD = "gnu++20";
				CLANG_ENABLE_MODULES = YES;
				CLANG_ENABLE_OBJC_ARC = YES;
				CLANG_ENABLE_OBJC_WEAK = YES;
				CLANG_WARN_BLOCK_CAPTURE_AUTORELEASING = YES;
				CLANG_WARN_BOOL_CONVERSION = YES;
				CLANG_WARN_COMMA = YES;
				CLANG_WARN_CONSTANT_CONVERSION = YES;
				CLANG_WARN_DEPRECATED_OBJC_IMPLEMENTATIONS = YES;
				CLANG_WARN_DIRECT_OBJC_ISA_USAGE = YES_ERROR;
				CLANG_WARN_DOCUMENTATION_COMMENTS = YES;
				CLANG_WARN_EMPTY_BODY = YES;
				CLANG_WARN_ENUM_CONVERSION = YES;
				CLANG_WARN_INFINITE_RECURSION = YES;
				CLANG_WARN_INT_CONVERSION = YES;
				CLANG_WARN_NON_LITERAL_NULL_CONVERSION = YES;
				CLANG_WARN_OBJC_IMPLICIT_RETAIN_SELF = YES;
				CLANG_WARN_OBJC_LITERAL_CONVERSION = YES;
				CLANG_WARN_OBJC_ROOT_CLASS = YES_ERROR;
				CLANG_WARN_QUOTED_INCLUDE_IN_FRAMEWORK_HEADER = YES;
				CLANG_WARN_RANGE_LOOP_ANALYSIS = YES;
				CLANG_WARN_STRICT_PROTOTYPES = YES;
				CLANG_WARN_SUSPICIOUS_MOVE = YES;
				CLANG_WARN_UNGUARDED_AVAILABILITY = YES_AGGRESSIVE;
				CLANG_WARN_UNREACHABLE_CODE = YES;
				CLANG_WARN__DUPLICATE_METHOD_MATCH = YES;
				COPY_PHASE_STRIP = NO;
				DEBUG_INFORMATION_FORMAT = "dwarf-with-dsym";
				ENABLE_NS_ASSERTIONS = NO;
				ENABLE_STRICT_OBJC_MSGSEND = YES;
				GCC_C_LANGUAGE_STANDARD = gnu11;
				GCC_NO_COMMON_BLOCKS = YES;
				GCC_WARN_64_TO_32_BIT_CONVERSION = YES;
				GCC_WARN_ABOUT_RETURN_TYPE = YES_ERROR;
				GCC_WARN_UNDECLARED_SELECTOR = YES;
				GCC_WARN_UNINITIALIZED_AUTOS = YES_AGGRESSIVE;
				GCC_WARN_UNUSED_FUNCTION = YES;
				GCC_WARN_UNUSED_VARIABLE = YES;
				IPHONEOS_DEPLOYMENT_TARGET = 16.1;
				MTL_ENABLE_DEBUG_INFO = NO;
				MTL_FAST_MATH = YES;
				SDKROOT = iphoneos;
				SWIFT_COMPILATION_MODE = wholemodule;
				SWIFT_OPTIMIZATION_LEVEL = "-O";
				VALIDATE_PRODUCT = YES;
			};
			name = Release;
		};
		AE9863462AFCD8F000C65579 /* Debug */ = {
			isa = XCBuildConfiguration;
			buildSettings = {
				ASSETCATALOG_COMPILER_APPICON_NAME = AppIcon;
				ASSETCATALOG_COMPILER_GLOBAL_ACCENT_COLOR_NAME = AccentColor;
				CODE_SIGN_STYLE = Automatic;
				CURRENT_PROJECT_VERSION = 1;
				DEVELOPMENT_TEAM = 94RH8K67DD;
				GENERATE_INFOPLIST_FILE = YES;
				INFOPLIST_FILE = "Recipes-BH-iOS/Info.plist";
				INFOPLIST_KEY_UIApplicationSupportsIndirectInputEvents = YES;
				INFOPLIST_KEY_UILaunchStoryboardName = LaunchScreen;
				INFOPLIST_KEY_UISupportedInterfaceOrientations_iPad = "UIInterfaceOrientationPortrait UIInterfaceOrientationPortraitUpsideDown UIInterfaceOrientationLandscapeLeft UIInterfaceOrientationLandscapeRight";
				INFOPLIST_KEY_UISupportedInterfaceOrientations_iPhone = "UIInterfaceOrientationPortrait UIInterfaceOrientationLandscapeLeft UIInterfaceOrientationLandscapeRight";
				LD_RUNPATH_SEARCH_PATHS = (
					"$(inherited)",
					"@executable_path/Frameworks",
				);
				MARKETING_VERSION = 1.0;
				PRODUCT_BUNDLE_IDENTIFIER = "com.martin.Recipes-BH-iOS";
				PRODUCT_NAME = "$(TARGET_NAME)";
				SWIFT_EMIT_LOC_STRINGS = YES;
				SWIFT_VERSION = 5.0;
				TARGETED_DEVICE_FAMILY = "1,2";
			};
			name = Debug;
		};
		AE9863472AFCD8F000C65579 /* Release */ = {
			isa = XCBuildConfiguration;
			buildSettings = {
				ASSETCATALOG_COMPILER_APPICON_NAME = AppIcon;
				ASSETCATALOG_COMPILER_GLOBAL_ACCENT_COLOR_NAME = AccentColor;
				CODE_SIGN_STYLE = Automatic;
				CURRENT_PROJECT_VERSION = 1;
				DEVELOPMENT_TEAM = 94RH8K67DD;
				GENERATE_INFOPLIST_FILE = YES;
				INFOPLIST_FILE = "Recipes-BH-iOS/Info.plist";
				INFOPLIST_KEY_UIApplicationSupportsIndirectInputEvents = YES;
				INFOPLIST_KEY_UILaunchStoryboardName = LaunchScreen;
				INFOPLIST_KEY_UISupportedInterfaceOrientations_iPad = "UIInterfaceOrientationPortrait UIInterfaceOrientationPortraitUpsideDown UIInterfaceOrientationLandscapeLeft UIInterfaceOrientationLandscapeRight";
				INFOPLIST_KEY_UISupportedInterfaceOrientations_iPhone = "UIInterfaceOrientationPortrait UIInterfaceOrientationLandscapeLeft UIInterfaceOrientationLandscapeRight";
				LD_RUNPATH_SEARCH_PATHS = (
					"$(inherited)",
					"@executable_path/Frameworks",
				);
				MARKETING_VERSION = 1.0;
				PRODUCT_BUNDLE_IDENTIFIER = "com.martin.Recipes-BH-iOS";
				PRODUCT_NAME = "$(TARGET_NAME)";
				SWIFT_EMIT_LOC_STRINGS = YES;
				SWIFT_VERSION = 5.0;
				TARGETED_DEVICE_FAMILY = "1,2";
			};
			name = Release;
		};
		AE9863492AFCD8F000C65579 /* Debug */ = {
			isa = XCBuildConfiguration;
			buildSettings = {
				ALWAYS_EMBED_SWIFT_STANDARD_LIBRARIES = YES;
				BUNDLE_LOADER = "$(TEST_HOST)";
				CODE_SIGN_STYLE = Automatic;
				CURRENT_PROJECT_VERSION = 1;
				DEVELOPMENT_TEAM = 94RH8K67DD;
				GENERATE_INFOPLIST_FILE = YES;
				IPHONEOS_DEPLOYMENT_TARGET = 16.1;
				MARKETING_VERSION = 1.0;
				PRODUCT_BUNDLE_IDENTIFIER = "com.martin.Recipes-BH-iOSTests";
				PRODUCT_NAME = "$(TARGET_NAME)";
				SWIFT_EMIT_LOC_STRINGS = NO;
				SWIFT_VERSION = 5.0;
				TARGETED_DEVICE_FAMILY = "1,2";
				TEST_HOST = "$(BUILT_PRODUCTS_DIR)/Recipes-BH-iOS.app/$(BUNDLE_EXECUTABLE_FOLDER_PATH)/Recipes-BH-iOS";
			};
			name = Debug;
		};
		AE98634A2AFCD8F000C65579 /* Release */ = {
			isa = XCBuildConfiguration;
			buildSettings = {
				ALWAYS_EMBED_SWIFT_STANDARD_LIBRARIES = YES;
				BUNDLE_LOADER = "$(TEST_HOST)";
				CODE_SIGN_STYLE = Automatic;
				CURRENT_PROJECT_VERSION = 1;
				DEVELOPMENT_TEAM = 94RH8K67DD;
				GENERATE_INFOPLIST_FILE = YES;
				IPHONEOS_DEPLOYMENT_TARGET = 16.1;
				MARKETING_VERSION = 1.0;
				PRODUCT_BUNDLE_IDENTIFIER = "com.martin.Recipes-BH-iOSTests";
				PRODUCT_NAME = "$(TARGET_NAME)";
				SWIFT_EMIT_LOC_STRINGS = NO;
				SWIFT_VERSION = 5.0;
				TARGETED_DEVICE_FAMILY = "1,2";
				TEST_HOST = "$(BUILT_PRODUCTS_DIR)/Recipes-BH-iOS.app/$(BUNDLE_EXECUTABLE_FOLDER_PATH)/Recipes-BH-iOS";
			};
			name = Release;
		};
		AE98634C2AFCD8F000C65579 /* Debug */ = {
			isa = XCBuildConfiguration;
			buildSettings = {
				ALWAYS_EMBED_SWIFT_STANDARD_LIBRARIES = YES;
				CODE_SIGN_STYLE = Automatic;
				CURRENT_PROJECT_VERSION = 1;
				DEVELOPMENT_TEAM = 94RH8K67DD;
				GENERATE_INFOPLIST_FILE = YES;
				MARKETING_VERSION = 1.0;
				PRODUCT_BUNDLE_IDENTIFIER = "com.martin.Recipes-BH-iOSUITests";
				PRODUCT_NAME = "$(TARGET_NAME)";
				SWIFT_EMIT_LOC_STRINGS = NO;
				SWIFT_VERSION = 5.0;
				TARGETED_DEVICE_FAMILY = "1,2";
				TEST_TARGET_NAME = "Recipes-BH-iOS";
			};
			name = Debug;
		};
		AE98634D2AFCD8F000C65579 /* Release */ = {
			isa = XCBuildConfiguration;
			buildSettings = {
				ALWAYS_EMBED_SWIFT_STANDARD_LIBRARIES = YES;
				CODE_SIGN_STYLE = Automatic;
				CURRENT_PROJECT_VERSION = 1;
				DEVELOPMENT_TEAM = 94RH8K67DD;
				GENERATE_INFOPLIST_FILE = YES;
				MARKETING_VERSION = 1.0;
				PRODUCT_BUNDLE_IDENTIFIER = "com.martin.Recipes-BH-iOSUITests";
				PRODUCT_NAME = "$(TARGET_NAME)";
				SWIFT_EMIT_LOC_STRINGS = NO;
				SWIFT_VERSION = 5.0;
				TARGETED_DEVICE_FAMILY = "1,2";
				TEST_TARGET_NAME = "Recipes-BH-iOS";
			};
			name = Release;
		};
/* End XCBuildConfiguration section */

/* Begin XCConfigurationList section */
		AE9863132AFCD8EE00C65579 /* Build configuration list for PBXProject "Recipes-BH-iOS" */ = {
			isa = XCConfigurationList;
			buildConfigurations = (
				AE9863432AFCD8F000C65579 /* Debug */,
				AE9863442AFCD8F000C65579 /* Release */,
			);
			defaultConfigurationIsVisible = 0;
			defaultConfigurationName = Release;
		};
		AE9863452AFCD8F000C65579 /* Build configuration list for PBXNativeTarget "Recipes-BH-iOS" */ = {
			isa = XCConfigurationList;
			buildConfigurations = (
				AE9863462AFCD8F000C65579 /* Debug */,
				AE9863472AFCD8F000C65579 /* Release */,
			);
			defaultConfigurationIsVisible = 0;
			defaultConfigurationName = Release;
		};
		AE9863482AFCD8F000C65579 /* Build configuration list for PBXNativeTarget "Recipes-BH-iOSTests" */ = {
			isa = XCConfigurationList;
			buildConfigurations = (
				AE9863492AFCD8F000C65579 /* Debug */,
				AE98634A2AFCD8F000C65579 /* Release */,
			);
			defaultConfigurationIsVisible = 0;
			defaultConfigurationName = Release;
		};
		AE98634B2AFCD8F000C65579 /* Build configuration list for PBXNativeTarget "Recipes-BH-iOSUITests" */ = {
			isa = XCConfigurationList;
			buildConfigurations = (
				AE98634C2AFCD8F000C65579 /* Debug */,
				AE98634D2AFCD8F000C65579 /* Release */,
			);
			defaultConfigurationIsVisible = 0;
			defaultConfigurationName = Release;
		};
/* End XCConfigurationList section */

/* Begin XCRemoteSwiftPackageReference section */
		AE9863532AFCDBFF00C65579 /* XCRemoteSwiftPackageReference "Alamofire" */ = {
			isa = XCRemoteSwiftPackageReference;
			repositoryURL = "https://github.com/Alamofire/Alamofire";
			requirement = {
				branch = master;
				kind = branch;
			};
		};
		AE9863562AFCE09F00C65579 /* XCRemoteSwiftPackageReference "RxSwift" */ = {
			isa = XCRemoteSwiftPackageReference;
			repositoryURL = "https://github.com/ReactiveX/RxSwift";
			requirement = {
				branch = main;
				kind = branch;
			};
		};
		AE98635D2AFCE0D000C65579 /* XCRemoteSwiftPackageReference "Nuke" */ = {
			isa = XCRemoteSwiftPackageReference;
			repositoryURL = "https://github.com/kean/Nuke";
			requirement = {
				kind = upToNextMajorVersion;
				minimumVersion = 9.0.0;
			};
		};
		AE9863602AFCE0E400C65579 /* XCRemoteSwiftPackageReference "SnapKit" */ = {
			isa = XCRemoteSwiftPackageReference;
			repositoryURL = "https://github.com/SnapKit/SnapKit";
			requirement = {
				kind = upToNextMajorVersion;
				minimumVersion = 5.0.0;
			};
		};
		AE98636C2AFD181F00C65579 /* XCRemoteSwiftPackageReference "IQKeyboardManager" */ = {
			isa = XCRemoteSwiftPackageReference;
			repositoryURL = "https://github.com/hackiftekhar/IQKeyboardManager";
			requirement = {
				branch = master;
				kind = branch;
			};
		};
/* End XCRemoteSwiftPackageReference section */

/* Begin XCSwiftPackageProductDependency section */
		AE9863542AFCDC0000C65579 /* Alamofire */ = {
			isa = XCSwiftPackageProductDependency;
			package = AE9863532AFCDBFF00C65579 /* XCRemoteSwiftPackageReference "Alamofire" */;
			productName = Alamofire;
		};
		AE9863572AFCE09F00C65579 /* RxCocoa */ = {
			isa = XCSwiftPackageProductDependency;
			package = AE9863562AFCE09F00C65579 /* XCRemoteSwiftPackageReference "RxSwift" */;
			productName = RxCocoa;
		};
		AE9863592AFCE09F00C65579 /* RxRelay */ = {
			isa = XCSwiftPackageProductDependency;
			package = AE9863562AFCE09F00C65579 /* XCRemoteSwiftPackageReference "RxSwift" */;
			productName = RxRelay;
		};
		AE98635B2AFCE09F00C65579 /* RxSwift */ = {
			isa = XCSwiftPackageProductDependency;
			package = AE9863562AFCE09F00C65579 /* XCRemoteSwiftPackageReference "RxSwift" */;
			productName = RxSwift;
		};
		AE98635E2AFCE0D000C65579 /* Nuke */ = {
			isa = XCSwiftPackageProductDependency;
			package = AE98635D2AFCE0D000C65579 /* XCRemoteSwiftPackageReference "Nuke" */;
			productName = Nuke;
		};
		AE9863612AFCE0E400C65579 /* SnapKit */ = {
			isa = XCSwiftPackageProductDependency;
			package = AE9863602AFCE0E400C65579 /* XCRemoteSwiftPackageReference "SnapKit" */;
			productName = SnapKit;
		};
		AE98636D2AFD181F00C65579 /* IQKeyboardManagerSwift */ = {
			isa = XCSwiftPackageProductDependency;
			package = AE98636C2AFD181F00C65579 /* XCRemoteSwiftPackageReference "IQKeyboardManager" */;
			productName = IQKeyboardManagerSwift;
		};
		AE9863932AFD418E00C65579 /* RxCocoa */ = {
			isa = XCSwiftPackageProductDependency;
			package = AE9863562AFCE09F00C65579 /* XCRemoteSwiftPackageReference "RxSwift" */;
			productName = RxCocoa;
		};
/* End XCSwiftPackageProductDependency section */

/* Begin XCVersionGroup section */
		AE9863242AFCD8EE00C65579 /* Recipes_BH_iOS.xcdatamodeld */ = {
			isa = XCVersionGroup;
			children = (
				AE9863252AFCD8EE00C65579 /* Recipes_BH_iOS.xcdatamodel */,
			);
			currentVersion = AE9863252AFCD8EE00C65579 /* Recipes_BH_iOS.xcdatamodel */;
			path = Recipes_BH_iOS.xcdatamodeld;
			sourceTree = "<group>";
			versionGroupType = wrapper.xcdatamodel;
		};
/* End XCVersionGroup section */
	};
	rootObject = AE9863102AFCD8EE00C65579 /* Project object */;
}
